
Microsoft Visual Studio Solution File, Format Version 12.00
# Visual Studio 15
Project("{FAE04EC0-301F-11D3-BF4B-00C04F79EFBC}") = "Ink-Libraries", "Ink-Libraries.csproj", "{7448095F-3B60-41DB-C8BD-02B0FCB25FAF}"
EndProject
Project("{FAE04EC0-301F-11D3-BF4B-00C04F79EFBC}") = "Unity.ProBuilder.Examples", "Unity.ProBuilder.Examples.csproj", "{2FD1E76A-02B5-71C3-ABBC-C7679153B63A}"
EndProject
Project("{FAE04EC0-301F-11D3-BF4B-00C04F79EFBC}") = "Assembly-CSharp", "Assembly-CSharp.csproj", "{0D295851-A1C6-8BBC-E2DB-43F14D469BCA}"
EndProject
Project("{FAE04EC0-301F-11D3-BF4B-00C04F79EFBC}") = "InkEditor", "InkEditor.csproj", "{DEEFE5E7-2F2E-578A-A49E-FE1DB912C5CD}"
EndProject
Project("{FAE04EC0-301F-11D3-BF4B-00C04F79EFBC}") = "Assembly-CSharp-Editor", "Assembly-CSharp-Editor.csproj", "{FAD8754A-543F-763F-9DB5-C61F53A0D89B}"
EndProject
Project("{FAE04EC0-301F-11D3-BF4B-00C04F79EFBC}") = "Unity.ProBuilder.Examples.Editor", "Unity.ProBuilder.Examples.Editor.csproj", "{AF96DC5E-302B-B435-A9B0-C8D9CAAEB0C8}"
EndProject
Global
	GlobalSection(SolutionConfigurationPlatforms) = preSolution
		Debug|Any CPU = Debug|Any CPU
		Release|Any CPU = Release|Any CPU
	EndGlobalSection
	GlobalSection(ProjectConfigurationPlatforms) = postSolution
		{7448095F-3B60-41DB-C8BD-02B0FCB25FAF}.Debug|Any CPU.ActiveCfg = Debug|Any CPU
		{7448095F-3B60-41DB-C8BD-02B0FCB25FAF}.Debug|Any CPU.Build.0 = Debug|Any CPU
		{7448095F-3B60-41DB-C8BD-02B0FCB25FAF}.Release|Any CPU.ActiveCfg = Release|Any CPU
		{7448095F-3B60-41DB-C8BD-02B0FCB25FAF}.Release|Any CPU.Build.0 = Release|Any CPU
		{2FD1E76A-02B5-71C3-ABBC-C7679153B63A}.Debug|Any CPU.ActiveCfg = Debug|Any CPU
		{2FD1E76A-02B5-71C3-ABBC-C7679153B63A}.Debug|Any CPU.Build.0 = Debug|Any CPU
		{2FD1E76A-02B5-71C3-ABBC-C7679153B63A}.Release|Any CPU.ActiveCfg = Release|Any CPU
		{2FD1E76A-02B5-71C3-ABBC-C7679153B63A}.Release|Any CPU.Build.0 = Release|Any CPU
		{0D295851-A1C6-8BBC-E2DB-43F14D469BCA}.Debug|Any CPU.ActiveCfg = Debug|Any CPU
		{0D295851-A1C6-8BBC-E2DB-43F14D469BCA}.Debug|Any CPU.Build.0 = Debug|Any CPU
		{0D295851-A1C6-8BBC-E2DB-43F14D469BCA}.Release|Any CPU.ActiveCfg = Release|Any CPU
		{0D295851-A1C6-8BBC-E2DB-43F14D469BCA}.Release|Any CPU.Build.0 = Release|Any CPU
		{DEEFE5E7-2F2E-578A-A49E-FE1DB912C5CD}.Debug|Any CPU.ActiveCfg = Debug|Any CPU
		{DEEFE5E7-2F2E-578A-A49E-FE1DB912C5CD}.Debug|Any CPU.Build.0 = Debug|Any CPU
		{DEEFE5E7-2F2E-578A-A49E-FE1DB912C5CD}.Release|Any CPU.ActiveCfg = Release|Any CPU
		{DEEFE5E7-2F2E-578A-A49E-FE1DB912C5CD}.Release|Any CPU.Build.0 = Release|Any CPU
		{FAD8754A-543F-763F-9DB5-C61F53A0D89B}.Debug|Any CPU.ActiveCfg = Debug|Any CPU
		{FAD8754A-543F-763F-9DB5-C61F53A0D89B}.Debug|Any CPU.Build.0 = Debug|Any CPU
		{FAD8754A-543F-763F-9DB5-C61F53A0D89B}.Release|Any CPU.ActiveCfg = Release|Any CPU
		{FAD8754A-543F-763F-9DB5-C61F53A0D89B}.Release|Any CPU.Build.0 = Release|Any CPU
		{AF96DC5E-302B-B435-A9B0-C8D9CAAEB0C8}.Debug|Any CPU.ActiveCfg = Debug|Any CPU
		{AF96DC5E-302B-B435-A9B0-C8D9CAAEB0C8}.Debug|Any CPU.Build.0 = Debug|Any CPU
		{AF96DC5E-302B-B435-A9B0-C8D9CAAEB0C8}.Release|Any CPU.ActiveCfg = Release|Any CPU
		{AF96DC5E-302B-B435-A9B0-C8D9CAAEB0C8}.Release|Any CPU.Build.0 = Release|Any CPU
	EndGlobalSection
	GlobalSection(SolutionProperties) = preSolution
		HideSolutionNode = FALSE
	EndGlobalSection
EndGlobal
